
Microsoft Visual Studio Solution File, Format Version 12.00
# Visual Studio 15
VisualStudioVersion = 15.0.28307.1231
MinimumVisualStudioVersion = 10.0.40219.1
Project("{FAE04EC0-301F-11D3-BF4B-00C04F79EFBC}") = "MinhaPrimeiraWebAPI", "MinhaPrimeiraWebAPI\MinhaPrimeiraWebAPI.csproj", "{89DBB6FB-5636-4FA7-A729-4CAAC6EBB9E7}"
EndProject
Global
	GlobalSection(SolutionConfigurationPlatforms) = preSolution
		Debug|Any CPU = Debug|Any CPU
		Release|Any CPU = Release|Any CPU
	EndGlobalSection
	GlobalSection(ProjectConfigurationPlatforms) = postSolution
		{89DBB6FB-5636-4FA7-A729-4CAAC6EBB9E7}.Debug|Any CPU.ActiveCfg = Debug|Any CPU
		{89DBB6FB-5636-4FA7-A729-4CAAC6EBB9E7}.Debug|Any CPU.Build.0 = Debug|Any CPU
		{89DBB6FB-5636-4FA7-A729-4CAAC6EBB9E7}.Release|Any CPU.ActiveCfg = Release|Any CPU
		{89DBB6FB-5636-4FA7-A729-4CAAC6EBB9E7}.Release|Any CPU.Build.0 = Release|Any CPU
	EndGlobalSection
	GlobalSection(SolutionProperties) = preSolution
		HideSolutionNode = FALSE
	EndGlobalSection
	GlobalSection(ExtensibilityGlobals) = postSolution
		SolutionGuid = {7775FBF7-3CFD-451C-A0F6-C0C48B1DFA54}
	EndGlobalSection
EndGlobal
